
Microsoft Visual Studio Solution File, Format Version 12.00
# Visual Studio 15
VisualStudioVersion = 15.0.27703.2035
MinimumVisualStudioVersion = 10.0.40219.1
Project("{FAE04EC0-301F-11D3-BF4B-00C04F79EFBC}") = "Testfirsttimerun.Android", "Testfirsttimerun\Testfirsttimerun.Android\Testfirsttimerun.Android.csproj", "{E0FA88CE-9C11-4378-835B-3CA1EC676DD0}"
EndProject
Project("{FAE04EC0-301F-11D3-BF4B-00C04F79EFBC}") = "Testfirsttimerun.iOS", "Testfirsttimerun\Testfirsttimerun.iOS\Testfirsttimerun.iOS.csproj", "{2065E4D2-A157-4864-B663-9FEF7FEC267A}"
EndProject
Project("{FAE04EC0-301F-11D3-BF4B-00C04F79EFBC}") = "Testfirsttimerun.UWP", "Testfirsttimerun\Testfirsttimerun.UWP\Testfirsttimerun.UWP.csproj", "{B68E199D-80AA-444F-864E-3922122F067E}"
EndProject
Project("{FAE04EC0-301F-11D3-BF4B-00C04F79EFBC}") = "Testfirsttimerun", "Testfirsttimerun\Testfirsttimerun\Testfirsttimerun.csproj", "{BC16C8C3-95A0-435C-88FB-6973828F7972}"
EndProject
Global
	GlobalSection(SolutionConfigurationPlatforms) = preSolution
		Ad-Hoc|Any CPU = Ad-Hoc|Any CPU
		Ad-Hoc|ARM = Ad-Hoc|ARM
		Ad-Hoc|iPhone = Ad-Hoc|iPhone
		Ad-Hoc|iPhoneSimulator = Ad-Hoc|iPhoneSimulator
		Ad-Hoc|x64 = Ad-Hoc|x64
		Ad-Hoc|x86 = Ad-Hoc|x86
		AppStore|Any CPU = AppStore|Any CPU
		AppStore|ARM = AppStore|ARM
		AppStore|iPhone = AppStore|iPhone
		AppStore|iPhoneSimulator = AppStore|iPhoneSimulator
		AppStore|x64 = AppStore|x64
		AppStore|x86 = AppStore|x86
		Debug|Any CPU = Debug|Any CPU
		Debug|ARM = Debug|ARM
		Debug|iPhone = Debug|iPhone
		Debug|iPhoneSimulator = Debug|iPhoneSimulator
		Debug|x64 = Debug|x64
		Debug|x86 = Debug|x86
		Release|Any CPU = Release|Any CPU
		Release|ARM = Release|ARM
		Release|iPhone = Release|iPhone
		Release|iPhoneSimulator = Release|iPhoneSimulator
		Release|x64 = Release|x64
		Release|x86 = Release|x86
	EndGlobalSection
	GlobalSection(ProjectConfigurationPlatforms) = postSolution
		{E0FA88CE-9C11-4378-835B-3CA1EC676DD0}.Ad-Hoc|Any CPU.ActiveCfg = Release|Any CPU
		{E0FA88CE-9C11-4378-835B-3CA1EC676DD0}.Ad-Hoc|Any CPU.Build.0 = Release|Any CPU
		{E0FA88CE-9C11-4378-835B-3CA1EC676DD0}.Ad-Hoc|Any CPU.Deploy.0 = Release|Any CPU
		{E0FA88CE-9C11-4378-835B-3CA1EC676DD0}.Ad-Hoc|ARM.ActiveCfg = Release|Any CPU
		{E0FA88CE-9C11-4378-835B-3CA1EC676DD0}.Ad-Hoc|ARM.Build.0 = Release|Any CPU
		{E0FA88CE-9C11-4378-835B-3CA1EC676DD0}.Ad-Hoc|ARM.Deploy.0 = Release|Any CPU
		{E0FA88CE-9C11-4378-835B-3CA1EC676DD0}.Ad-Hoc|iPhone.ActiveCfg = Release|Any CPU
		{E0FA88CE-9C11-4378-835B-3CA1EC676DD0}.Ad-Hoc|iPhone.Build.0 = Release|Any CPU
		{E0FA88CE-9C11-4378-835B-3CA1EC676DD0}.Ad-Hoc|iPhone.Deploy.0 = Release|Any CPU
		{E0FA88CE-9C11-4378-835B-3CA1EC676DD0}.Ad-Hoc|iPhoneSimulator.ActiveCfg = Release|Any CPU
		{E0FA88CE-9C11-4378-835B-3CA1EC676DD0}.Ad-Hoc|iPhoneSimulator.Build.0 = Release|Any CPU
		{E0FA88CE-9C11-4378-835B-3CA1EC676DD0}.Ad-Hoc|iPhoneSimulator.Deploy.0 = Release|Any CPU
		{E0FA88CE-9C11-4378-835B-3CA1EC676DD0}.Ad-Hoc|x64.ActiveCfg = Release|Any CPU
		{E0FA88CE-9C11-4378-835B-3CA1EC676DD0}.Ad-Hoc|x64.Build.0 = Release|Any CPU
		{E0FA88CE-9C11-4378-835B-3CA1EC676DD0}.Ad-Hoc|x64.Deploy.0 = Release|Any CPU
		{E0FA88CE-9C11-4378-835B-3CA1EC676DD0}.Ad-Hoc|x86.ActiveCfg = Release|Any CPU
		{E0FA88CE-9C11-4378-835B-3CA1EC676DD0}.Ad-Hoc|x86.Build.0 = Release|Any CPU
		{E0FA88CE-9C11-4378-835B-3CA1EC676DD0}.Ad-Hoc|x86.Deploy.0 = Release|Any CPU
		{E0FA88CE-9C11-4378-835B-3CA1EC676DD0}.AppStore|Any CPU.ActiveCfg = Release|Any CPU
		{E0FA88CE-9C11-4378-835B-3CA1EC676DD0}.AppStore|Any CPU.Build.0 = Release|Any CPU
		{E0FA88CE-9C11-4378-835B-3CA1EC676DD0}.AppStore|Any CPU.Deploy.0 = Release|Any CPU
		{E0FA88CE-9C11-4378-835B-3CA1EC676DD0}.AppStore|ARM.ActiveCfg = Release|Any CPU
		{E0FA88CE-9C11-4378-835B-3CA1EC676DD0}.AppStore|ARM.Build.0 = Release|Any CPU
		{E0FA88CE-9C11-4378-835B-3CA1EC676DD0}.AppStore|ARM.Deploy.0 = Release|Any CPU
		{E0FA88CE-9C11-4378-835B-3CA1EC676DD0}.AppStore|iPhone.ActiveCfg = Release|Any CPU
		{E0FA88CE-9C11-4378-835B-3CA1EC676DD0}.AppStore|iPhone.Build.0 = Release|Any CPU
		{E0FA88CE-9C11-4378-835B-3CA1EC676DD0}.AppStore|iPhone.Deploy.0 = Release|Any CPU
		{E0FA88CE-9C11-4378-835B-3CA1EC676DD0}.AppStore|iPhoneSimulator.ActiveCfg = Release|Any CPU
		{E0FA88CE-9C11-4378-835B-3CA1EC676DD0}.AppStore|iPhoneSimulator.Build.0 = Release|Any CPU
		{E0FA88CE-9C11-4378-835B-3CA1EC676DD0}.AppStore|iPhoneSimulator.Deploy.0 = Release|Any CPU
		{E0FA88CE-9C11-4378-835B-3CA1EC676DD0}.AppStore|x64.ActiveCfg = Release|Any CPU
		{E0FA88CE-9C11-4378-835B-3CA1EC676DD0}.AppStore|x64.Build.0 = Release|Any CPU
		{E0FA88CE-9C11-4378-835B-3CA1EC676DD0}.AppStore|x64.Deploy.0 = Release|Any CPU
		{E0FA88CE-9C11-4378-835B-3CA1EC676DD0}.AppStore|x86.ActiveCfg = Release|Any CPU
		{E0FA88CE-9C11-4378-835B-3CA1EC676DD0}.AppStore|x86.Build.0 = Release|Any CPU
		{E0FA88CE-9C11-4378-835B-3CA1EC676DD0}.AppStore|x86.Deploy.0 = Release|Any CPU
		{E0FA88CE-9C11-4378-835B-3CA1EC676DD0}.Debug|Any CPU.ActiveCfg = Debug|Any CPU
		{E0FA88CE-9C11-4378-835B-3CA1EC676DD0}.Debug|Any CPU.Build.0 = Debug|Any CPU
		{E0FA88CE-9C11-4378-835B-3CA1EC676DD0}.Debug|Any CPU.Deploy.0 = Debug|Any CPU
		{E0FA88CE-9C11-4378-835B-3CA1EC676DD0}.Debug|ARM.ActiveCfg = Debug|Any CPU
		{E0FA88CE-9C11-4378-835B-3CA1EC676DD0}.Debug|ARM.Build.0 = Debug|Any CPU
		{E0FA88CE-9C11-4378-835B-3CA1EC676DD0}.Debug|ARM.Deploy.0 = Debug|Any CPU
		{E0FA88CE-9C11-4378-835B-3CA1EC676DD0}.Debug|iPhone.ActiveCfg = Debug|Any CPU
		{E0FA88CE-9C11-4378-835B-3CA1EC676DD0}.Debug|iPhone.Build.0 = Debug|Any CPU
		{E0FA88CE-9C11-4378-835B-3CA1EC676DD0}.Debug|iPhone.Deploy.0 = Debug|Any CPU
		{E0FA88CE-9C11-4378-835B-3CA1EC676DD0}.Debug|iPhoneSimulator.ActiveCfg = Debug|Any CPU
		{E0FA88CE-9C11-4378-835B-3CA1EC676DD0}.Debug|iPhoneSimulator.Build.0 = Debug|Any CPU
		{E0FA88CE-9C11-4378-835B-3CA1EC676DD0}.Debug|iPhoneSimulator.Deploy.0 = Debug|Any CPU
		{E0FA88CE-9C11-4378-835B-3CA1EC676DD0}.Debug|x64.ActiveCfg = Debug|Any CPU
		{E0FA88CE-9C11-4378-835B-3CA1EC676DD0}.Debug|x64.Build.0 = Debug|Any CPU
		{E0FA88CE-9C11-4378-835B-3CA1EC676DD0}.Debug|x64.Deploy.0 = Debug|Any CPU
		{E0FA88CE-9C11-4378-835B-3CA1EC676DD0}.Debug|x86.ActiveCfg = Debug|Any CPU
		{E0FA88CE-9C11-4378-835B-3CA1EC676DD0}.Debug|x86.Build.0 = Debug|Any CPU
		{E0FA88CE-9C11-4378-835B-3CA1EC676DD0}.Debug|x86.Deploy.0 = Debug|Any CPU
		{E0FA88CE-9C11-4378-835B-3CA1EC676DD0}.Release|Any CPU.ActiveCfg = Release|Any CPU
		{E0FA88CE-9C11-4378-835B-3CA1EC676DD0}.Release|Any CPU.Build.0 = Release|Any CPU
		{E0FA88CE-9C11-4378-835B-3CA1EC676DD0}.Release|Any CPU.Deploy.0 = Release|Any CPU
		{E0FA88CE-9C11-4378-835B-3CA1EC676DD0}.Release|ARM.ActiveCfg = Release|Any CPU
		{E0FA88CE-9C11-4378-835B-3CA1EC676DD0}.Release|ARM.Build.0 = Release|Any CPU
		{E0FA88CE-9C11-4378-835B-3CA1EC676DD0}.Release|ARM.Deploy.0 = Release|Any CPU
		{E0FA88CE-9C11-4378-835B-3CA1EC676DD0}.Release|iPhone.ActiveCfg = Release|Any CPU
		{E0FA88CE-9C11-4378-835B-3CA1EC676DD0}.Release|iPhone.Build.0 = Release|Any CPU
		{E0FA88CE-9C11-4378-835B-3CA1EC676DD0}.Release|iPhone.Deploy.0 = Release|Any CPU
		{E0FA88CE-9C11-4378-835B-3CA1EC676DD0}.Release|iPhoneSimulator.ActiveCfg = Release|Any CPU
		{E0FA88CE-9C11-4378-835B-3CA1EC676DD0}.Release|iPhoneSimulator.Build.0 = Release|Any CPU
		{E0FA88CE-9C11-4378-835B-3CA1EC676DD0}.Release|iPhoneSimulator.Deploy.0 = Release|Any CPU
		{E0FA88CE-9C11-4378-835B-3CA1EC676DD0}.Release|x64.ActiveCfg = Release|Any CPU
		{E0FA88CE-9C11-4378-835B-3CA1EC676DD0}.Release|x64.Build.0 = Release|Any CPU
		{E0FA88CE-9C11-4378-835B-3CA1EC676DD0}.Release|x64.Deploy.0 = Release|Any CPU
		{E0FA88CE-9C11-4378-835B-3CA1EC676DD0}.Release|x86.ActiveCfg = Release|Any CPU
		{E0FA88CE-9C11-4378-835B-3CA1EC676DD0}.Release|x86.Build.0 = Release|Any CPU
		{E0FA88CE-9C11-4378-835B-3CA1EC676DD0}.Release|x86.Deploy.0 = Release|Any CPU
		{2065E4D2-A157-4864-B663-9FEF7FEC267A}.Ad-Hoc|Any CPU.ActiveCfg = Ad-Hoc|iPhone
		{2065E4D2-A157-4864-B663-9FEF7FEC267A}.Ad-Hoc|Any CPU.Build.0 = Ad-Hoc|iPhone
		{2065E4D2-A157-4864-B663-9FEF7FEC267A}.Ad-Hoc|Any CPU.Deploy.0 = Ad-Hoc|iPhone
		{2065E4D2-A157-4864-B663-9FEF7FEC267A}.Ad-Hoc|ARM.ActiveCfg = Ad-Hoc|iPhone
		{2065E4D2-A157-4864-B663-9FEF7FEC267A}.Ad-Hoc|ARM.Build.0 = Ad-Hoc|iPhone
		{2065E4D2-A157-4864-B663-9FEF7FEC267A}.Ad-Hoc|ARM.Deploy.0 = Ad-Hoc|iPhone
		{2065E4D2-A157-4864-B663-9FEF7FEC267A}.Ad-Hoc|iPhone.ActiveCfg = Ad-Hoc|iPhone
		{2065E4D2-A157-4864-B663-9FEF7FEC267A}.Ad-Hoc|iPhone.Build.0 = Ad-Hoc|iPhone
		{2065E4D2-A157-4864-B663-9FEF7FEC267A}.Ad-Hoc|iPhone.Deploy.0 = Ad-Hoc|iPhone
		{2065E4D2-A157-4864-B663-9FEF7FEC267A}.Ad-Hoc|iPhoneSimulator.ActiveCfg = Ad-Hoc|iPhoneSimulator
		{2065E4D2-A157-4864-B663-9FEF7FEC267A}.Ad-Hoc|iPhoneSimulator.Build.0 = Ad-Hoc|iPhoneSimulator
		{2065E4D2-A157-4864-B663-9FEF7FEC267A}.Ad-Hoc|iPhoneSimulator.Deploy.0 = Ad-Hoc|iPhoneSimulator
		{2065E4D2-A157-4864-B663-9FEF7FEC267A}.Ad-Hoc|x64.ActiveCfg = Ad-Hoc|iPhone
		{2065E4D2-A157-4864-B663-9FEF7FEC267A}.Ad-Hoc|x64.Build.0 = Ad-Hoc|iPhone
		{2065E4D2-A157-4864-B663-9FEF7FEC267A}.Ad-Hoc|x64.Deploy.0 = Ad-Hoc|iPhone
		{2065E4D2-A157-4864-B663-9FEF7FEC267A}.Ad-Hoc|x86.ActiveCfg = Ad-Hoc|iPhone
		{2065E4D2-A157-4864-B663-9FEF7FEC267A}.Ad-Hoc|x86.Build.0 = Ad-Hoc|iPhone
		{2065E4D2-A157-4864-B663-9FEF7FEC267A}.Ad-Hoc|x86.Deploy.0 = Ad-Hoc|iPhone
		{2065E4D2-A157-4864-B663-9FEF7FEC267A}.AppStore|Any CPU.ActiveCfg = AppStore|iPhone
		{2065E4D2-A157-4864-B663-9FEF7FEC267A}.AppStore|Any CPU.Build.0 = AppStore|iPhone
		{2065E4D2-A157-4864-B663-9FEF7FEC267A}.AppStore|Any CPU.Deploy.0 = AppStore|iPhone
		{2065E4D2-A157-4864-B663-9FEF7FEC267A}.AppStore|ARM.ActiveCfg = AppStore|iPhone
		{2065E4D2-A157-4864-B663-9FEF7FEC267A}.AppStore|ARM.Build.0 = AppStore|iPhone
		{2065E4D2-A157-4864-B663-9FEF7FEC267A}.AppStore|ARM.Deploy.0 = AppStore|iPhone
		{2065E4D2-A157-4864-B663-9FEF7FEC267A}.AppStore|iPhone.ActiveCfg = AppStore|iPhone
		{2065E4D2-A157-4864-B663-9FEF7FEC267A}.AppStore|iPhone.Build.0 = AppStore|iPhone
		{2065E4D2-A157-4864-B663-9FEF7FEC267A}.AppStore|iPhone.Deploy.0 = AppStore|iPhone
		{2065E4D2-A157-4864-B663-9FEF7FEC267A}.AppStore|iPhoneSimulator.ActiveCfg = AppStore|iPhoneSimulator
		{2065E4D2-A157-4864-B663-9FEF7FEC267A}.AppStore|iPhoneSimulator.Build.0 = AppStore|iPhoneSimulator
		{2065E4D2-A157-4864-B663-9FEF7FEC267A}.AppStore|iPhoneSimulator.Deploy.0 = AppStore|iPhoneSimulator
		{2065E4D2-A157-4864-B663-9FEF7FEC267A}.AppStore|x64.ActiveCfg = AppStore|iPhone
		{2065E4D2-A157-4864-B663-9FEF7FEC267A}.AppStore|x64.Build.0 = AppStore|iPhone
		{2065E4D2-A157-4864-B663-9FEF7FEC267A}.AppStore|x64.Deploy.0 = AppStore|iPhone
		{2065E4D2-A157-4864-B663-9FEF7FEC267A}.AppStore|x86.ActiveCfg = AppStore|iPhone
		{2065E4D2-A157-4864-B663-9FEF7FEC267A}.AppStore|x86.Build.0 = AppStore|iPhone
		{2065E4D2-A157-4864-B663-9FEF7FEC267A}.AppStore|x86.Deploy.0 = AppStore|iPhone
		{2065E4D2-A157-4864-B663-9FEF7FEC267A}.Debug|Any CPU.ActiveCfg = Debug|iPhoneSimulator
		{2065E4D2-A157-4864-B663-9FEF7FEC267A}.Debug|Any CPU.Build.0 = Debug|iPhoneSimulator
		{2065E4D2-A157-4864-B663-9FEF7FEC267A}.Debug|Any CPU.Deploy.0 = Debug|iPhoneSimulator
		{2065E4D2-A157-4864-B663-9FEF7FEC267A}.Debug|ARM.ActiveCfg = Debug|iPhone
		{2065E4D2-A157-4864-B663-9FEF7FEC267A}.Debug|ARM.Build.0 = Debug|iPhone
		{2065E4D2-A157-4864-B663-9FEF7FEC267A}.Debug|ARM.Deploy.0 = Debug|iPhone
		{2065E4D2-A157-4864-B663-9FEF7FEC267A}.Debug|iPhone.ActiveCfg = Debug|iPhone
		{2065E4D2-A157-4864-B663-9FEF7FEC267A}.Debug|iPhone.Build.0 = Debug|iPhone
		{2065E4D2-A157-4864-B663-9FEF7FEC267A}.Debug|iPhone.Deploy.0 = Debug|iPhone
		{2065E4D2-A157-4864-B663-9FEF7FEC267A}.Debug|iPhoneSimulator.ActiveCfg = Debug|iPhoneSimulator
		{2065E4D2-A157-4864-B663-9FEF7FEC267A}.Debug|iPhoneSimulator.Build.0 = Debug|iPhoneSimulator
		{2065E4D2-A157-4864-B663-9FEF7FEC267A}.Debug|iPhoneSimulator.Deploy.0 = Debug|iPhoneSimulator
		{2065E4D2-A157-4864-B663-9FEF7FEC267A}.Debug|x64.ActiveCfg = Debug|iPhone
		{2065E4D2-A157-4864-B663-9FEF7FEC267A}.Debug|x64.Build.0 = Debug|iPhone
		{2065E4D2-A157-4864-B663-9FEF7FEC267A}.Debug|x64.Deploy.0 = Debug|iPhone
		{2065E4D2-A157-4864-B663-9FEF7FEC267A}.Debug|x86.ActiveCfg = Debug|iPhone
		{2065E4D2-A157-4864-B663-9FEF7FEC267A}.Debug|x86.Build.0 = Debug|iPhone
		{2065E4D2-A157-4864-B663-9FEF7FEC267A}.Debug|x86.Deploy.0 = Debug|iPhone
		{2065E4D2-A157-4864-B663-9FEF7FEC267A}.Release|Any CPU.ActiveCfg = Release|iPhone
		{2065E4D2-A157-4864-B663-9FEF7FEC267A}.Release|Any CPU.Build.0 = Release|iPhone
		{2065E4D2-A157-4864-B663-9FEF7FEC267A}.Release|Any CPU.Deploy.0 = Release|iPhone
		{2065E4D2-A157-4864-B663-9FEF7FEC267A}.Release|ARM.ActiveCfg = Release|iPhone
		{2065E4D2-A157-4864-B663-9FEF7FEC267A}.Release|ARM.Build.0 = Release|iPhone
		{2065E4D2-A157-4864-B663-9FEF7FEC267A}.Release|ARM.Deploy.0 = Release|iPhone
		{2065E4D2-A157-4864-B663-9FEF7FEC267A}.Release|iPhone.ActiveCfg = Release|iPhone
		{2065E4D2-A157-4864-B663-9FEF7FEC267A}.Release|iPhone.Build.0 = Release|iPhone
		{2065E4D2-A157-4864-B663-9FEF7FEC267A}.Release|iPhone.Deploy.0 = Release|iPhone
		{2065E4D2-A157-4864-B663-9FEF7FEC267A}.Release|iPhoneSimulator.ActiveCfg = Release|iPhoneSimulator
		{2065E4D2-A157-4864-B663-9FEF7FEC267A}.Release|iPhoneSimulator.Build.0 = Release|iPhoneSimulator
		{2065E4D2-A157-4864-B663-9FEF7FEC267A}.Release|iPhoneSimulator.Deploy.0 = Release|iPhoneSimulator
		{2065E4D2-A157-4864-B663-9FEF7FEC267A}.Release|x64.ActiveCfg = Release|iPhone
		{2065E4D2-A157-4864-B663-9FEF7FEC267A}.Release|x64.Build.0 = Release|iPhone
		{2065E4D2-A157-4864-B663-9FEF7FEC267A}.Release|x64.Deploy.0 = Release|iPhone
		{2065E4D2-A157-4864-B663-9FEF7FEC267A}.Release|x86.ActiveCfg = Release|iPhone
		{2065E4D2-A157-4864-B663-9FEF7FEC267A}.Release|x86.Build.0 = Release|iPhone
		{2065E4D2-A157-4864-B663-9FEF7FEC267A}.Release|x86.Deploy.0 = Release|iPhone
		{B68E199D-80AA-444F-864E-3922122F067E}.Ad-Hoc|Any CPU.ActiveCfg = Release|x86
		{B68E199D-80AA-444F-864E-3922122F067E}.Ad-Hoc|Any CPU.Build.0 = Release|x86
		{B68E199D-80AA-444F-864E-3922122F067E}.Ad-Hoc|Any CPU.Deploy.0 = Release|x86
		{B68E199D-80AA-444F-864E-3922122F067E}.Ad-Hoc|ARM.ActiveCfg = Release|ARM
		{B68E199D-80AA-444F-864E-3922122F067E}.Ad-Hoc|ARM.Build.0 = Release|ARM
		{B68E199D-80AA-444F-864E-3922122F067E}.Ad-Hoc|ARM.Deploy.0 = Release|ARM
		{B68E199D-80AA-444F-864E-3922122F067E}.Ad-Hoc|iPhone.ActiveCfg = Release|x86
		{B68E199D-80AA-444F-864E-3922122F067E}.Ad-Hoc|iPhone.Build.0 = Release|x86
		{B68E199D-80AA-444F-864E-3922122F067E}.Ad-Hoc|iPhone.Deploy.0 = Release|x86
		{B68E199D-80AA-444F-864E-3922122F067E}.Ad-Hoc|iPhoneSimulator.ActiveCfg = Release|x86
		{B68E199D-80AA-444F-864E-3922122F067E}.Ad-Hoc|iPhoneSimulator.Build.0 = Release|x86
		{B68E199D-80AA-444F-864E-3922122F067E}.Ad-Hoc|iPhoneSimulator.Deploy.0 = Release|x86
		{B68E199D-80AA-444F-864E-3922122F067E}.Ad-Hoc|x64.ActiveCfg = Release|x64
		{B68E199D-80AA-444F-864E-3922122F067E}.Ad-Hoc|x64.Build.0 = Release|x64
		{B68E199D-80AA-444F-864E-3922122F067E}.Ad-Hoc|x64.Deploy.0 = Release|x64
		{B68E199D-80AA-444F-864E-3922122F067E}.Ad-Hoc|x86.ActiveCfg = Release|x86
		{B68E199D-80AA-444F-864E-3922122F067E}.Ad-Hoc|x86.Build.0 = Release|x86
		{B68E199D-80AA-444F-864E-3922122F067E}.Ad-Hoc|x86.Deploy.0 = Release|x86
		{B68E199D-80AA-444F-864E-3922122F067E}.AppStore|Any CPU.ActiveCfg = Release|x86
		{B68E199D-80AA-444F-864E-3922122F067E}.AppStore|Any CPU.Build.0 = Release|x86
		{B68E199D-80AA-444F-864E-3922122F067E}.AppStore|Any CPU.Deploy.0 = Release|x86
		{B68E199D-80AA-444F-864E-3922122F067E}.AppStore|ARM.ActiveCfg = Release|ARM
		{B68E199D-80AA-444F-864E-3922122F067E}.AppStore|ARM.Build.0 = Release|ARM
		{B68E199D-80AA-444F-864E-3922122F067E}.AppStore|ARM.Deploy.0 = Release|ARM
		{B68E199D-80AA-444F-864E-3922122F067E}.AppStore|iPhone.ActiveCfg = Release|x86
		{B68E199D-80AA-444F-864E-3922122F067E}.AppStore|iPhone.Build.0 = Release|x86
		{B68E199D-80AA-444F-864E-3922122F067E}.AppStore|iPhone.Deploy.0 = Release|x86
		{B68E199D-80AA-444F-864E-3922122F067E}.AppStore|iPhoneSimulator.ActiveCfg = Release|x86
		{B68E199D-80AA-444F-864E-3922122F067E}.AppStore|iPhoneSimulator.Build.0 = Release|x86
		{B68E199D-80AA-444F-864E-3922122F067E}.AppStore|iPhoneSimulator.Deploy.0 = Release|x86
		{B68E199D-80AA-444F-864E-3922122F067E}.AppStore|x64.ActiveCfg = Release|x64
		{B68E199D-80AA-444F-864E-3922122F067E}.AppStore|x64.Build.0 = Release|x64
		{B68E199D-80AA-444F-864E-3922122F067E}.AppStore|x64.Deploy.0 = Release|x64
		{B68E199D-80AA-444F-864E-3922122F067E}.AppStore|x86.ActiveCfg = Release|x86
		{B68E199D-80AA-444F-864E-3922122F067E}.AppStore|x86.Build.0 = Release|x86
		{B68E199D-80AA-444F-864E-3922122F067E}.AppStore|x86.Deploy.0 = Release|x86
		{B68E199D-80AA-444F-864E-3922122F067E}.Debug|Any CPU.ActiveCfg = Debug|x86
		{B68E199D-80AA-444F-864E-3922122F067E}.Debug|Any CPU.Build.0 = Debug|x86
		{B68E199D-80AA-444F-864E-3922122F067E}.Debug|Any CPU.Deploy.0 = Debug|x86
		{B68E199D-80AA-444F-864E-3922122F067E}.Debug|ARM.ActiveCfg = Debug|ARM
		{B68E199D-80AA-444F-864E-3922122F067E}.Debug|ARM.Build.0 = Debug|ARM
		{B68E199D-80AA-444F-864E-3922122F067E}.Debug|ARM.Deploy.0 = Debug|ARM
		{B68E199D-80AA-444F-864E-3922122F067E}.Debug|iPhone.ActiveCfg = Debug|x86
		{B68E199D-80AA-444F-864E-3922122F067E}.Debug|iPhone.Build.0 = Debug|x86
		{B68E199D-80AA-444F-864E-3922122F067E}.Debug|iPhone.Deploy.0 = Debug|x86
		{B68E199D-80AA-444F-864E-3922122F067E}.Debug|iPhoneSimulator.ActiveCfg = Debug|x86
		{B68E199D-80AA-444F-864E-3922122F067E}.Debug|iPhoneSimulator.Build.0 = Debug|x86
		{B68E199D-80AA-444F-864E-3922122F067E}.Debug|iPhoneSimulator.Deploy.0 = Debug|x86
		{B68E199D-80AA-444F-864E-3922122F067E}.Debug|x64.ActiveCfg = Debug|x64
		{B68E199D-80AA-444F-864E-3922122F067E}.Debug|x64.Build.0 = Debug|x64
		{B68E199D-80AA-444F-864E-3922122F067E}.Debug|x64.Deploy.0 = Debug|x64
		{B68E199D-80AA-444F-864E-3922122F067E}.Debug|x86.ActiveCfg = Debug|x86
		{B68E199D-80AA-444F-864E-3922122F067E}.Debug|x86.Build.0 = Debug|x86
		{B68E199D-80AA-444F-864E-3922122F067E}.Debug|x86.Deploy.0 = Debug|x86
		{B68E199D-80AA-444F-864E-3922122F067E}.Release|Any CPU.ActiveCfg = Release|x86
		{B68E199D-80AA-444F-864E-3922122F067E}.Release|Any CPU.Build.0 = Release|x86
		{B68E199D-80AA-444F-864E-3922122F067E}.Release|Any CPU.Deploy.0 = Release|x86
		{B68E199D-80AA-444F-864E-3922122F067E}.Release|ARM.ActiveCfg = Release|ARM
		{B68E199D-80AA-444F-864E-3922122F067E}.Release|ARM.Build.0 = Release|ARM
		{B68E199D-80AA-444F-864E-3922122F067E}.Release|ARM.Deploy.0 = Release|ARM
		{B68E199D-80AA-444F-864E-3922122F067E}.Release|iPhone.ActiveCfg = Release|x86
		{B68E199D-80AA-444F-864E-3922122F067E}.Release|iPhone.Build.0 = Release|x86
		{B68E199D-80AA-444F-864E-3922122F067E}.Release|iPhone.Deploy.0 = Release|x86
		{B68E199D-80AA-444F-864E-3922122F067E}.Release|iPhoneSimulator.ActiveCfg = Release|x86
		{B68E199D-80AA-444F-864E-3922122F067E}.Release|iPhoneSimulator.Build.0 = Release|x86
		{B68E199D-80AA-444F-864E-3922122F067E}.Release|iPhoneSimulator.Deploy.0 = Release|x86
		{B68E199D-80AA-444F-864E-3922122F067E}.Release|x64.ActiveCfg = Release|x64
		{B68E199D-80AA-444F-864E-3922122F067E}.Release|x64.Build.0 = Release|x64
		{B68E199D-80AA-444F-864E-3922122F067E}.Release|x64.Deploy.0 = Release|x64
		{B68E199D-80AA-444F-864E-3922122F067E}.Release|x86.ActiveCfg = Release|x86
		{B68E199D-80AA-444F-864E-3922122F067E}.Release|x86.Build.0 = Release|x86
		{B68E199D-80AA-444F-864E-3922122F067E}.Release|x86.Deploy.0 = Release|x86
		{BC16C8C3-95A0-435C-88FB-6973828F7972}.Ad-Hoc|Any CPU.ActiveCfg = Debug|Any CPU
		{BC16C8C3-95A0-435C-88FB-6973828F7972}.Ad-Hoc|Any CPU.Build.0 = Debug|Any CPU
		{BC16C8C3-95A0-435C-88FB-6973828F7972}.Ad-Hoc|Any CPU.Deploy.0 = Debug|Any CPU
		{BC16C8C3-95A0-435C-88FB-6973828F7972}.Ad-Hoc|ARM.ActiveCfg = Debug|Any CPU
		{BC16C8C3-95A0-435C-88FB-6973828F7972}.Ad-Hoc|ARM.Build.0 = Debug|Any CPU
		{BC16C8C3-95A0-435C-88FB-6973828F7972}.Ad-Hoc|ARM.Deploy.0 = Debug|Any CPU
		{BC16C8C3-95A0-435C-88FB-6973828F7972}.Ad-Hoc|iPhone.ActiveCfg = Debug|Any CPU
		{BC16C8C3-95A0-435C-88FB-6973828F7972}.Ad-Hoc|iPhone.Build.0 = Debug|Any CPU
		{BC16C8C3-95A0-435C-88FB-6973828F7972}.Ad-Hoc|iPhone.Deploy.0 = Debug|Any CPU
		{BC16C8C3-95A0-435C-88FB-6973828F7972}.Ad-Hoc|iPhoneSimulator.ActiveCfg = Debug|Any CPU
		{BC16C8C3-95A0-435C-88FB-6973828F7972}.Ad-Hoc|iPhoneSimulator.Build.0 = Debug|Any CPU
		{BC16C8C3-95A0-435C-88FB-6973828F7972}.Ad-Hoc|iPhoneSimulator.Deploy.0 = Debug|Any CPU
		{BC16C8C3-95A0-435C-88FB-6973828F7972}.Ad-Hoc|x64.ActiveCfg = Debug|Any CPU
		{BC16C8C3-95A0-435C-88FB-6973828F7972}.Ad-Hoc|x64.Build.0 = Debug|Any CPU
		{BC16C8C3-95A0-435C-88FB-6973828F7972}.Ad-Hoc|x64.Deploy.0 = Debug|Any CPU
		{BC16C8C3-95A0-435C-88FB-6973828F7972}.Ad-Hoc|x86.ActiveCfg = Debug|Any CPU
		{BC16C8C3-95A0-435C-88FB-6973828F7972}.Ad-Hoc|x86.Build.0 = Debug|Any CPU
		{BC16C8C3-95A0-435C-88FB-6973828F7972}.Ad-Hoc|x86.Deploy.0 = Debug|Any CPU
		{BC16C8C3-95A0-435C-88FB-6973828F7972}.AppStore|Any CPU.ActiveCfg = Debug|Any CPU
		{BC16C8C3-95A0-435C-88FB-6973828F7972}.AppStore|Any CPU.Build.0 = Debug|Any CPU
		{BC16C8C3-95A0-435C-88FB-6973828F7972}.AppStore|Any CPU.Deploy.0 = Debug|Any CPU
		{BC16C8C3-95A0-435C-88FB-6973828F7972}.AppStore|ARM.ActiveCfg = Debug|Any CPU
		{BC16C8C3-95A0-435C-88FB-6973828F7972}.AppStore|ARM.Build.0 = Debug|Any CPU
		{BC16C8C3-95A0-435C-88FB-6973828F7972}.AppStore|ARM.Deploy.0 = Debug|Any CPU
		{BC16C8C3-95A0-435C-88FB-6973828F7972}.AppStore|iPhone.ActiveCfg = Debug|Any CPU
		{BC16C8C3-95A0-435C-88FB-6973828F7972}.AppStore|iPhone.Build.0 = Debug|Any CPU
		{BC16C8C3-95A0-435C-88FB-6973828F7972}.AppStore|iPhone.Deploy.0 = Debug|Any CPU
		{BC16C8C3-95A0-435C-88FB-6973828F7972}.AppStore|iPhoneSimulator.ActiveCfg = Debug|Any CPU
		{BC16C8C3-95A0-435C-88FB-6973828F7972}.AppStore|iPhoneSimulator.Build.0 = Debug|Any CPU
		{BC16C8C3-95A0-435C-88FB-6973828F7972}.AppStore|iPhoneSimulator.Deploy.0 = Debug|Any CPU
		{BC16C8C3-95A0-435C-88FB-6973828F7972}.AppStore|x64.ActiveCfg = Debug|Any CPU
		{BC16C8C3-95A0-435C-88FB-6973828F7972}.AppStore|x64.Build.0 = Debug|Any CPU
		{BC16C8C3-95A0-435C-88FB-6973828F7972}.AppStore|x64.Deploy.0 = Debug|Any CPU
		{BC16C8C3-95A0-435C-88FB-6973828F7972}.AppStore|x86.ActiveCfg = Debug|Any CPU
		{BC16C8C3-95A0-435C-88FB-6973828F7972}.AppStore|x86.Build.0 = Debug|Any CPU
		{BC16C8C3-95A0-435C-88FB-6973828F7972}.AppStore|x86.Deploy.0 = Debug|Any CPU
		{BC16C8C3-95A0-435C-88FB-6973828F7972}.Debug|Any CPU.ActiveCfg = Debug|Any CPU
		{BC16C8C3-95A0-435C-88FB-6973828F7972}.Debug|Any CPU.Build.0 = Debug|Any CPU
		{BC16C8C3-95A0-435C-88FB-6973828F7972}.Debug|Any CPU.Deploy.0 = Debug|Any CPU
		{BC16C8C3-95A0-435C-88FB-6973828F7972}.Debug|ARM.ActiveCfg = Debug|Any CPU
		{BC16C8C3-95A0-435C-88FB-6973828F7972}.Debug|ARM.Build.0 = Debug|Any CPU
		{BC16C8C3-95A0-435C-88FB-6973828F7972}.Debug|ARM.Deploy.0 = Debug|Any CPU
		{BC16C8C3-95A0-435C-88FB-6973828F7972}.Debug|iPhone.ActiveCfg = Debug|Any CPU
		{BC16C8C3-95A0-435C-88FB-6973828F7972}.Debug|iPhone.Build.0 = Debug|Any CPU
		{BC16C8C3-95A0-435C-88FB-6973828F7972}.Debug|iPhone.Deploy.0 = Debug|Any CPU
		{BC16C8C3-95A0-435C-88FB-6973828F7972}.Debug|iPhoneSimulator.ActiveCfg = Debug|Any CPU
		{BC16C8C3-95A0-435C-88FB-6973828F7972}.Debug|iPhoneSimulator.Build.0 = Debug|Any CPU
		{BC16C8C3-95A0-435C-88FB-6973828F7972}.Debug|iPhoneSimulator.Deploy.0 = Debug|Any CPU
		{BC16C8C3-95A0-435C-88FB-6973828F7972}.Debug|x64.ActiveCfg = Debug|Any CPU
		{BC16C8C3-95A0-435C-88FB-6973828F7972}.Debug|x64.Build.0 = Debug|Any CPU
		{BC16C8C3-95A0-435C-88FB-6973828F7972}.Debug|x64.Deploy.0 = Debug|Any CPU
		{BC16C8C3-95A0-435C-88FB-6973828F7972}.Debug|x86.ActiveCfg = Debug|Any CPU
		{BC16C8C3-95A0-435C-88FB-6973828F7972}.Debug|x86.Build.0 = Debug|Any CPU
		{BC16C8C3-95A0-435C-88FB-6973828F7972}.Debug|x86.Deploy.0 = Debug|Any CPU
		{BC16C8C3-95A0-435C-88FB-6973828F7972}.Release|Any CPU.ActiveCfg = Release|Any CPU
		{BC16C8C3-95A0-435C-88FB-6973828F7972}.Release|Any CPU.Build.0 = Release|Any CPU
		{BC16C8C3-95A0-435C-88FB-6973828F7972}.Release|Any CPU.Deploy.0 = Release|Any CPU
		{BC16C8C3-95A0-435C-88FB-6973828F7972}.Release|ARM.ActiveCfg = Release|Any CPU
		{BC16C8C3-95A0-435C-88FB-6973828F7972}.Release|ARM.Build.0 = Release|Any CPU
		{BC16C8C3-95A0-435C-88FB-6973828F7972}.Release|ARM.Deploy.0 = Release|Any CPU
		{BC16C8C3-95A0-435C-88FB-6973828F7972}.Release|iPhone.ActiveCfg = Release|Any CPU
		{BC16C8C3-95A0-435C-88FB-6973828F7972}.Release|iPhone.Build.0 = Release|Any CPU
		{BC16C8C3-95A0-435C-88FB-6973828F7972}.Release|iPhone.Deploy.0 = Release|Any CPU
		{BC16C8C3-95A0-435C-88FB-6973828F7972}.Release|iPhoneSimulator.ActiveCfg = Release|Any CPU
		{BC16C8C3-95A0-435C-88FB-6973828F7972}.Release|iPhoneSimulator.Build.0 = Release|Any CPU
		{BC16C8C3-95A0-435C-88FB-6973828F7972}.Release|iPhoneSimulator.Deploy.0 = Release|Any CPU
		{BC16C8C3-95A0-435C-88FB-6973828F7972}.Release|x64.ActiveCfg = Release|Any CPU
		{BC16C8C3-95A0-435C-88FB-6973828F7972}.Release|x64.Build.0 = Release|Any CPU
		{BC16C8C3-95A0-435C-88FB-6973828F7972}.Release|x64.Deploy.0 = Release|Any CPU
		{BC16C8C3-95A0-435C-88FB-6973828F7972}.Release|x86.ActiveCfg = Release|Any CPU
		{BC16C8C3-95A0-435C-88FB-6973828F7972}.Release|x86.Build.0 = Release|Any CPU
		{BC16C8C3-95A0-435C-88FB-6973828F7972}.Release|x86.Deploy.0 = Release|Any CPU
	EndGlobalSection
	GlobalSection(SolutionProperties) = preSolution
		HideSolutionNode = FALSE
	EndGlobalSection
	GlobalSection(ExtensibilityGlobals) = postSolution
		SolutionGuid = {0FE0F5EF-B83A-4B5E-A959-F7BF2BE91F10}
	EndGlobalSection
EndGlobal
